
Microsoft Visual Studio Solution File, Format Version 12.00
# Visual Studio Version 17
VisualStudioVersion = 17.3.32825.248
MinimumVisualStudioVersion = 10.0.40219.1
Project("{FAE04EC0-301F-11D3-BF4B-00C04F79EFBC}") = "Palindrome", "Palindrome\Palindrome.csproj", "{0E56C656-3529-49B8-8322-1FCBFE3DC732}"
EndProject
Global
	GlobalSection(SolutionConfigurationPlatforms) = preSolution
		Debug|Any CPU = Debug|Any CPU
		Release|Any CPU = Release|Any CPU
	EndGlobalSection
	GlobalSection(ProjectConfigurationPlatforms) = postSolution
		{0E56C656-3529-49B8-8322-1FCBFE3DC732}.Debug|Any CPU.ActiveCfg = Debug|Any CPU
		{0E56C656-3529-49B8-8322-1FCBFE3DC732}.Debug|Any CPU.Build.0 = Debug|Any CPU
		{0E56C656-3529-49B8-8322-1FCBFE3DC732}.Release|Any CPU.ActiveCfg = Release|Any CPU
		{0E56C656-3529-49B8-8322-1FCBFE3DC732}.Release|Any CPU.Build.0 = Release|Any CPU
	EndGlobalSection
	GlobalSection(SolutionProperties) = preSolution
		HideSolutionNode = FALSE
	EndGlobalSection
	GlobalSection(ExtensibilityGlobals) = postSolution
		SolutionGuid = {C57C93DE-0A34-43C5-82F0-3E91A879727B}
	EndGlobalSection
EndGlobal
